// !$*UTF8*$!
{
	archiveVersion = 1;
	classes = {
	};
	objectVersion = 50;
	objects = {

/* Begin PBXBuildFile section */
		055CC424235B7B5E00763AEA /* AppDelegate.swift in Sources */ = {isa = PBXBuildFile; fileRef = 055CC423235B7B5E00763AEA /* AppDelegate.swift */; };
		055CC426235B7B5E00763AEA /* SceneDelegate.swift in Sources */ = {isa = PBXBuildFile; fileRef = 055CC425235B7B5E00763AEA /* SceneDelegate.swift */; };
		055CC428235B7B5E00763AEA /* ViewController.swift in Sources */ = {isa = PBXBuildFile; fileRef = 055CC427235B7B5E00763AEA /* ViewController.swift */; };
		055CC42B235B7B5E00763AEA /* Main.storyboard in Resources */ = {isa = PBXBuildFile; fileRef = 055CC429235B7B5E00763AEA /* Main.storyboard */; };
		055CC42D235B7B6200763AEA /* Assets.xcassets in Resources */ = {isa = PBXBuildFile; fileRef = 055CC42C235B7B6200763AEA /* Assets.xcassets */; };
		055CC430235B7B6200763AEA /* LaunchScreen.storyboard in Resources */ = {isa = PBXBuildFile; fileRef = 055CC42E235B7B6200763AEA /* LaunchScreen.storyboard */; };
		055CC43C235B987C00763AEA /* User.swift in Sources */ = {isa = PBXBuildFile; fileRef = 055CC43B235B987C00763AEA /* User.swift */; };
		055CC440235B9A9B00763AEA /* RandomUserCollectionViewCell.swift in Sources */ = {isa = PBXBuildFile; fileRef = 055CC43F235B9A9B00763AEA /* RandomUserCollectionViewCell.swift */; };
/* End PBXBuildFile section */

/* Begin PBXFileReference section */
		055CC420235B7B5E00763AEA /* CarouselPractice.app */ = {isa = PBXFileReference; explicitFileType = wrapper.application; includeInIndex = 0; path = CarouselPractice.app; sourceTree = BUILT_PRODUCTS_DIR; };
		055CC423235B7B5E00763AEA /* AppDelegate.swift */ = {isa = PBXFileReference; lastKnownFileType = sourcecode.swift; path = AppDelegate.swift; sourceTree = "<group>"; };
		055CC425235B7B5E00763AEA /* SceneDelegate.swift */ = {isa = PBXFileReference; lastKnownFileType = sourcecode.swift; path = SceneDelegate.swift; sourceTree = "<group>"; };
		055CC427235B7B5E00763AEA /* ViewController.swift */ = {isa = PBXFileReference; lastKnownFileType = sourcecode.swift; path = ViewController.swift; sourceTree = "<group>"; };
		055CC42A235B7B5E00763AEA /* Base */ = {isa = PBXFileReference; lastKnownFileType = file.storyboard; name = Base; path = Base.lproj/Main.storyboard; sourceTree = "<group>"; };
		055CC42C235B7B6200763AEA /* Assets.xcassets */ = {isa = PBXFileReference; lastKnownFileType = folder.assetcatalog; path = Assets.xcassets; sourceTree = "<group>"; };
		055CC42F235B7B6200763AEA /* Base */ = {isa = PBXFileReference; lastKnownFileType = file.storyboard; name = Base; path = Base.lproj/LaunchScreen.storyboard; sourceTree = "<group>"; };
		055CC431235B7B6200763AEA /* Info.plist */ = {isa = PBXFileReference; lastKnownFileType = text.plist.xml; path = Info.plist; sourceTree = "<group>"; };
		055CC43B235B987C00763AEA /* User.swift */ = {isa = PBXFileReference; lastKnownFileType = sourcecode.swift; path = User.swift; sourceTree = "<group>"; };
		055CC43F235B9A9B00763AEA /* RandomUserCollectionViewCell.swift */ = {isa = PBXFileReference; lastKnownFileType = sourcecode.swift; path = RandomUserCollectionViewCell.swift; sourceTree = "<group>"; };
/* End PBXFileReference section */

/* Begin PBXFrameworksBuildPhase section */
		055CC41D235B7B5E00763AEA /* Frameworks */ = {
			isa = PBXFrameworksBuildPhase;
			buildActionMask = 2147483647;
			files = (
			);
			runOnlyForDeploymentPostprocessing = 0;
		};
/* End PBXFrameworksBuildPhase section */

/* Begin PBXGroup section */
		055CC417235B7B5E00763AEA = {
			isa = PBXGroup;
			children = (
				055CC422235B7B5E00763AEA /* CarouselPractice */,
				055CC421235B7B5E00763AEA /* Products */,
			);
			sourceTree = "<group>";
		};
		055CC421235B7B5E00763AEA /* Products */ = {
			isa = PBXGroup;
			children = (
				055CC420235B7B5E00763AEA /* CarouselPractice.app */,
			);
			name = Products;
			sourceTree = "<group>";
		};
		055CC422235B7B5E00763AEA /* CarouselPractice */ = {
			isa = PBXGroup;
			children = (
				055CC43A235B982600763AEA /* Model */,
				055CC439235B981D00763AEA /* Model Controller */,
				055CC438235B981600763AEA /* View Controllers */,
				055CC437235B980100763AEA /* Views */,
				055CC43D235B999300763AEA /* Storyboards */,
				055CC43E235B99CE00763AEA /* Resources */,
				055CC431235B7B6200763AEA /* Info.plist */,
			);
			path = CarouselPractice;
			sourceTree = "<group>";
		};
		055CC437235B980100763AEA /* Views */ = {
			isa = PBXGroup;
			children = (
				055CC43F235B9A9B00763AEA /* RandomUserCollectionViewCell.swift */,
			);
			path = Views;
			sourceTree = "<group>";
		};
		055CC438235B981600763AEA /* View Controllers */ = {
			isa = PBXGroup;
			children = (
				055CC427235B7B5E00763AEA /* ViewController.swift */,
			);
			path = "View Controllers";
			sourceTree = "<group>";
		};
		055CC439235B981D00763AEA /* Model Controller */ = {
			isa = PBXGroup;
			children = (
			);
			path = "Model Controller";
			sourceTree = "<group>";
		};
		055CC43A235B982600763AEA /* Model */ = {
			isa = PBXGroup;
			children = (
				055CC43B235B987C00763AEA /* User.swift */,
			);
			name = Model;
			sourceTree = "<group>";
		};
		055CC43D235B999300763AEA /* Storyboards */ = {
			isa = PBXGroup;
			children = (
				055CC429235B7B5E00763AEA /* Main.storyboard */,
				055CC42E235B7B6200763AEA /* LaunchScreen.storyboard */,
			);
			path = Storyboards;
			sourceTree = "<group>";
		};
		055CC43E235B99CE00763AEA /* Resources */ = {
			isa = PBXGroup;
			children = (
				055CC42C235B7B6200763AEA /* Assets.xcassets */,
				055CC423235B7B5E00763AEA /* AppDelegate.swift */,
				055CC425235B7B5E00763AEA /* SceneDelegate.swift */,
			);
			path = Resources;
			sourceTree = "<group>";
		};
/* End PBXGroup section */

/* Begin PBXNativeTarget section */
		055CC41F235B7B5E00763AEA /* CarouselPractice */ = {
			isa = PBXNativeTarget;
			buildConfigurationList = 055CC434235B7B6200763AEA /* Build configuration list for PBXNativeTarget "CarouselPractice" */;
			buildPhases = (
				055CC41C235B7B5E00763AEA /* Sources */,
				055CC41D235B7B5E00763AEA /* Frameworks */,
				055CC41E235B7B5E00763AEA /* Resources */,
			);
			buildRules = (
			);
			dependencies = (
			);
			name = CarouselPractice;
			productName = CarouselPractice;
			productReference = 055CC420235B7B5E00763AEA /* CarouselPractice.app */;
			productType = "com.apple.product-type.application";
		};
/* End PBXNativeTarget section */

/* Begin PBXProject section */
		055CC418235B7B5E00763AEA /* Project object */ = {
			isa = PBXProject;
			attributes = {
				LastSwiftUpdateCheck = 1110;
				LastUpgradeCheck = 1110;
				ORGANIZATIONNAME = "Marc Jacques";
				TargetAttributes = {
					055CC41F235B7B5E00763AEA = {
						CreatedOnToolsVersion = 11.1;
					};
				};
			};
			buildConfigurationList = 055CC41B235B7B5E00763AEA /* Build configuration list for PBXProject "CarouselPractice" */;
			compatibilityVersion = "Xcode 9.3";
			developmentRegion = en;
			hasScannedForEncodings = 0;
			knownRegions = (
				en,
				Base,
			);
			mainGroup = 055CC417235B7B5E00763AEA;
			productRefGroup = 055CC421235B7B5E00763AEA /* Products */;
			projectDirPath = "";
			projectRoot = "";
			targets = (
				055CC41F235B7B5E00763AEA /* CarouselPractice */,
			);
		};
/* End PBXProject section */

/* Begin PBXResourcesBuildPhase section */
		055CC41E235B7B5E00763AEA /* Resources */ = {
			isa = PBXResourcesBuildPhase;
			buildActionMask = 2147483647;
			files = (
				055CC430235B7B6200763AEA /* LaunchScreen.storyboard in Resources */,
				055CC42D235B7B6200763AEA /* Assets.xcassets in Resources */,
				055CC42B235B7B5E00763AEA /* Main.storyboard in Resources */,
			);
			runOnlyForDeploymentPostprocessing = 0;
		};
/* End PBXResourcesBuildPhase section */

/* Begin PBXSourcesBuildPhase section */
		055CC41C235B7B5E00763AEA /* Sources */ = {
			isa = PBXSourcesBuildPhase;
			buildActionMask = 2147483647;
			files = (
				055CC43C235B987C00763AEA /* User.swift in Sources */,
				055CC428235B7B5E00763AEA /* ViewController.swift in Sources */,
				055CC424235B7B5E00763AEA /* AppDelegate.swift in Sources */,
				055CC426235B7B5E00763AEA /* SceneDelegate.swift in Sources */,
				055CC440235B9A9B00763AEA /* RandomUserCollectionViewCell.swift in Sources */,
			);
			runOnlyForDeploymentPostprocessing = 0;
		};
/* End PBXSourcesBuildPhase section */

/* Begin PBXVariantGroup section */
		055CC429235B7B5E00763AEA /* Main.storyboard */ = {
			isa = PBXVariantGroup;
			children = (
				055CC42A235B7B5E00763AEA /* Base */,
			);
			name = Main.storyboard;
			sourceTree = "<group>";
		};
		055CC42E235B7B6200763AEA /* LaunchScreen.storyboard */ = {
			isa = PBXVariantGroup;
			children = (
				055CC42F235B7B6200763AEA /* Base */,
			);
			name = LaunchScreen.storyboard;
			sourceTree = "<group>";
		};
/* End PBXVariantGroup section */

/* Begin XCBuildConfiguration section */
		055CC432235B7B6200763AEA /* Debug */ = {
			isa = XCBuildConfiguration;
			buildSettings = {
				ALWAYS_SEARCH_USER_PATHS = NO;
				CLANG_ANALYZER_NONNULL = YES;
				CLANG_ANALYZER_NUMBER_OBJECT_CONVERSION = YES_AGGRESSIVE;
				CLANG_CXX_LANGUAGE_STANDARD = "gnu++14";
				CLANG_CXX_LIBRARY = "libc++";
				CLANG_ENABLE_MODULES = YES;
				CLANG_ENABLE_OBJC_ARC = YES;
				CLANG_ENABLE_OBJC_WEAK = YES;
				CLANG_WARN_BLOCK_CAPTURE_AUTORELEASING = YES;
				CLANG_WARN_BOOL_CONVERSION = YES;
				CLANG_WARN_COMMA = YES;
				CLANG_WARN_CONSTANT_CONVERSION = YES;
				CLANG_WARN_DEPRECATED_OBJC_IMPLEMENTATIONS = YES;
				CLANG_WARN_DIRECT_OBJC_ISA_USAGE = YES_ERROR;
				CLANG_WARN_DOCUMENTATION_COMMENTS = YES;
				CLANG_WARN_EMPTY_BODY = YES;
				CLANG_WARN_ENUM_CONVERSION = YES;
				CLANG_WARN_INFINITE_RECURSION = YES;
				CLANG_WARN_INT_CONVERSION = YES;
				CLANG_WARN_NON_LITERAL_NULL_CONVERSION = YES;
				CLANG_WARN_OBJC_IMPLICIT_RETAIN_SELF = YES;
				CLANG_WARN_OBJC_LITERAL_CONVERSION = YES;
				CLANG_WARN_OBJC_ROOT_CLASS = YES_ERROR;
				CLANG_WARN_RANGE_LOOP_ANALYSIS = YES;
				CLANG_WARN_STRICT_PROTOTYPES = YES;
				CLANG_WARN_SUSPICIOUS_MOVE = YES;
				CLANG_WARN_UNGUARDED_AVAILABILITY = YES_AGGRESSIVE;
				CLANG_WARN_UNREACHABLE_CODE = YES;
				CLANG_WARN__DUPLICATE_METHOD_MATCH = YES;
				COPY_PHASE_STRIP = NO;
				DEBUG_INFORMATION_FORMAT = dwarf;
				ENABLE_STRICT_OBJC_MSGSEND = YES;
				ENABLE_TESTABILITY = YES;
				GCC_C_LANGUAGE_STANDARD = gnu11;
				GCC_DYNAMIC_NO_PIC = NO;
				GCC_NO_COMMON_BLOCKS = YES;
				GCC_OPTIMIZATION_LEVEL = 0;
				GCC_PREPROCESSOR_DEFINITIONS = (
					"DEBUG=1",
					"$(inherited)",
				);
				GCC_WARN_64_TO_32_BIT_CONVERSION = YES;
				GCC_WARN_ABOUT_RETURN_TYPE = YES_ERROR;
				GCC_WARN_UNDECLARED_SELECTOR = YES;
				GCC_WARN_UNINITIALIZED_AUTOS = YES_AGGRESSIVE;
				GCC_WARN_UNUSED_FUNCTION = YES;
				GCC_WARN_UNUSED_VARIABLE = YES;
				IPHONEOS_DEPLOYMENT_TARGET = 13.1;
				MTL_ENABLE_DEBUG_INFO = INCLUDE_SOURCE;
				MTL_FAST_MATH = YES;
				ONLY_ACTIVE_ARCH = YES;
				SDKROOT = iphoneos;
				SWIFT_ACTIVE_COMPILATION_CONDITIONS = DEBUG;
				SWIFT_OPTIMIZATION_LEVEL = "-Onone";
			};
			name = Debug;
		};
		055CC433235B7B6200763AEA /* Release */ = {
			isa = XCBuildConfiguration;
			buildSettings = {
				ALWAYS_SEARCH_USER_PATHS = NO;
				CLANG_ANALYZER_NONNULL = YES;
				CLANG_ANALYZER_NUMBER_OBJECT_CONVERSION = YES_AGGRESSIVE;
				CLANG_CXX_LANGUAGE_STANDARD = "gnu++14";
				CLANG_CXX_LIBRARY = "libc++";
				CLANG_ENABLE_MODULES = YES;
				CLANG_ENABLE_OBJC_ARC = YES;
				CLANG_ENABLE_OBJC_WEAK = YES;
				CLANG_WARN_BLOCK_CAPTURE_AUTORELEASING = YES;
				CLANG_WARN_BOOL_CONVERSION = YES;
				CLANG_WARN_COMMA = YES;
				CLANG_WARN_CONSTANT_CONVERSION = YES;
				CLANG_WARN_DEPRECATED_OBJC_IMPLEMENTATIONS = YES;
				CLANG_WARN_DIRECT_OBJC_ISA_USAGE = YES_ERROR;
				CLANG_WARN_DOCUMENTATION_COMMENTS = YES;
				CLANG_WARN_EMPTY_BODY = YES;
				CLANG_WARN_ENUM_CONVERSION = YES;
				CLANG_WARN_INFINITE_RECURSION = YES;
				CLANG_WARN_INT_CONVERSION = YES;
				CLANG_WARN_NON_LITERAL_NULL_CONVERSION = YES;
				CLANG_WARN_OBJC_IMPLICIT_RETAIN_SELF = YES;
				CLANG_WARN_OBJC_LITERAL_CONVERSION = YES;
				CLANG_WARN_OBJC_ROOT_CLASS = YES_ERROR;
				CLANG_WARN_RANGE_LOOP_ANALYSIS = YES;
				CLANG_WARN_STRICT_PROTOTYPES = YES;
				CLANG_WARN_SUSPICIOUS_MOVE = YES;
				CLANG_WARN_UNGUARDED_AVAILABILITY = YES_AGGRESSIVE;
				CLANG_WARN_UNREACHABLE_CODE = YES;
				CLANG_WARN__DUPLICATE_METHOD_MATCH = YES;
				COPY_PHASE_STRIP = NO;
				DEBUG_INFORMATION_FORMAT = "dwarf-with-dsym";
				ENABLE_NS_ASSERTIONS = NO;
				ENABLE_STRICT_OBJC_MSGSEND = YES;
				GCC_C_LANGUAGE_STANDARD = gnu11;
				GCC_NO_COMMON_BLOCKS = YES;
				GCC_WARN_64_TO_32_BIT_CONVERSION = YES;
				GCC_WARN_ABOUT_RETURN_TYPE = YES_ERROR;
				GCC_WARN_UNDECLARED_SELECTOR = YES;
				GCC_WARN_UNINITIALIZED_AUTOS = YES_AGGRESSIVE;
				GCC_WARN_UNUSED_FUNCTION = YES;
				GCC_WARN_UNUSED_VARIABLE = YES;
				IPHONEOS_DEPLOYMENT_TARGET = 13.1;
				MTL_ENABLE_DEBUG_INFO = NO;
				MTL_FAST_MATH = YES;
				SDKROOT = iphoneos;
				SWIFT_COMPILATION_MODE = wholemodule;
				SWIFT_OPTIMIZATION_LEVEL = "-O";
				VALIDATE_PRODUCT = YES;
			};
			name = Release;
		};
		055CC435235B7B6200763AEA /* Debug */ = {
			isa = XCBuildConfiguration;
			buildSettings = {
				ASSETCATALOG_COMPILER_APPICON_NAME = AppIcon;
				CODE_SIGN_STYLE = Automatic;
				INFOPLIST_FILE = CarouselPractice/Info.plist;
				LD_RUNPATH_SEARCH_PATHS = (
					"$(inherited)",
					"@executable_path/Frameworks",
				);
				PRODUCT_BUNDLE_IDENTIFIER = com.MarcJacques.CarouselPractice;
				PRODUCT_NAME = "$(TARGET_NAME)";
				SWIFT_VERSION = 5.0;
				TARGETED_DEVICE_FAMILY = "1,2";
			};
			name = Debug;
		};
		055CC436235B7B6200763AEA /* Release */ = {
			isa = XCBuildConfiguration;
			buildSettings = {
				ASSETCATALOG_COMPILER_APPICON_NAME = AppIcon;
				CODE_SIGN_STYLE = Automatic;
				INFOPLIST_FILE = CarouselPractice/Info.plist;
				LD_RUNPATH_SEARCH_PATHS = (
					"$(inherited)",
					"@executable_path/Frameworks",
				);
				PRODUCT_BUNDLE_IDENTIFIER = com.MarcJacques.CarouselPractice;
				PRODUCT_NAME = "$(TARGET_NAME)";
				SWIFT_VERSION = 5.0;
				TARGETED_DEVICE_FAMILY = "1,2";
			};
			name = Release;
		};
/* End XCBuildConfiguration section */

/* Begin XCConfigurationList section */
		055CC41B235B7B5E00763AEA /* Build configuration list for PBXProject "CarouselPractice" */ = {
			isa = XCConfigurationList;
			buildConfigurations = (
				055CC432235B7B6200763AEA /* Debug */,
				055CC433235B7B6200763AEA /* Release */,
			);
			defaultConfigurationIsVisible = 0;
			defaultConfigurationName = Release;
		};
		055CC434235B7B6200763AEA /* Build configuration list for PBXNativeTarget "CarouselPractice" */ = {
			isa = XCConfigurationList;
			buildConfigurations = (
				055CC435235B7B6200763AEA /* Debug */,
				055CC436235B7B6200763AEA /* Release */,
			);
			defaultConfigurationIsVisible = 0;
			defaultConfigurationName = Release;
		};
/* End XCConfigurationList section */
	};
	rootObject = 055CC418235B7B5E00763AEA /* Project object */;
}
